// !$*UTF8*$!
{
	archiveVersion = 1;
	classes = {};
	objectVersion = 56;
	objects = {

/* Begin PBXBuildFile section */
		B00000000000000000000001 /* ClipboardRippleApp.swift in Sources */ = {isa = PBXBuildFile; fileRef = F00000000000000000000001 /* ClipboardRippleApp.swift */; };
		B00000000000000000000002 /* Models.swift in Sources */ = {isa = PBXBuildFile; fileRef = F00000000000000000000002 /* Models.swift */; };
		B00000000000000000000003 /* ClipboardCore.swift in Sources */ = {isa = PBXBuildFile; fileRef = F00000000000000000000003 /* ClipboardCore.swift */; };
		B00000000000000000000004 /* SystemServices.swift in Sources */ = {isa = PBXBuildFile; fileRef = F00000000000000000000004 /* SystemServices.swift */; };
		B00000000000000000000005 /* AppState.swift in Sources */ = {isa = PBXBuildFile; fileRef = F00000000000000000000005 /* AppState.swift */; };
		B00000000000000000000006 /* TimelineUI.swift in Sources */ = {isa = PBXBuildFile; fileRef = F00000000000000000000006 /* TimelineUI.swift */; };
		B00000000000000000000007 /* SettingsUI.swift in Sources */ = {isa = PBXBuildFile; fileRef = F00000000000000000000007 /* SettingsUI.swift */; };
		B00000000000000000000008 /* Assets.xcassets in Resources */ = {isa = PBXBuildFile; fileRef = F00000000000000000000009 /* Assets.xcassets */; };
		B00000000000000000000009 /* ClipboardRippleTests.swift in Sources */ = {isa = PBXBuildFile; fileRef = F00000000000000000000010 /* ClipboardRippleTests.swift */; };
/* End PBXBuildFile section */

/* Begin PBXContainerItemProxy section */
		E00000000000000000000001 /* PBXContainerItemProxy */ = {
			isa = PBXContainerItemProxy;
			containerPortal = P00000000000000000000001 /* Project object */;
			proxyType = 1;
			remoteGlobalIDString = A00000000000000000000001;
			remoteInfo = ClipboardRipple;
		};
/* End PBXContainerItemProxy section */

/* Begin PBXFileReference section */
		F00000000000000000000001 /* ClipboardRippleApp.swift */ = {isa = PBXFileReference; lastKnownFileType = sourcecode.swift; path = ClipboardRippleApp.swift; sourceTree = "<group>"; };
		F00000000000000000000002 /* Models.swift */ = {isa = PBXFileReference; lastKnownFileType = sourcecode.swift; path = Models.swift; sourceTree = "<group>"; };
		F00000000000000000000003 /* ClipboardCore.swift */ = {isa = PBXFileReference; lastKnownFileType = sourcecode.swift; path = ClipboardCore.swift; sourceTree = "<group>"; };
		F00000000000000000000004 /* SystemServices.swift */ = {isa = PBXFileReference; lastKnownFileType = sourcecode.swift; path = SystemServices.swift; sourceTree = "<group>"; };
		F00000000000000000000005 /* AppState.swift */ = {isa = PBXFileReference; lastKnownFileType = sourcecode.swift; path = AppState.swift; sourceTree = "<group>"; };
		F00000000000000000000006 /* TimelineUI.swift */ = {isa = PBXFileReference; lastKnownFileType = sourcecode.swift; path = TimelineUI.swift; sourceTree = "<group>"; };
		F00000000000000000000007 /* SettingsUI.swift */ = {isa = PBXFileReference; lastKnownFileType = sourcecode.swift; path = SettingsUI.swift; sourceTree = "<group>"; };
		F00000000000000000000008 /* Info.plist */ = {isa = PBXFileReference; lastKnownFileType = text.plist.xml; path = Info.plist; sourceTree = "<group>"; };
		F00000000000000000000009 /* Assets.xcassets */ = {isa = PBXFileReference; lastKnownFileType = folder.assetcatalog; path = Assets.xcassets; sourceTree = "<group>"; };
		F00000000000000000000010 /* ClipboardRippleTests.swift */ = {isa = PBXFileReference; lastKnownFileType = sourcecode.swift; path = ClipboardRippleTests.swift; sourceTree = "<group>"; };
		F00000000000000000000011 /* Clipboard Ripple.app */ = {isa = PBXFileReference; explicitFileType = wrapper.application; includeInIndex = 0; path = "Clipboard Ripple.app"; sourceTree = BUILT_PRODUCTS_DIR; };
		F00000000000000000000012 /* ClipboardRippleTests.xctest */ = {isa = PBXFileReference; explicitFileType = wrapper.cfbundle; includeInIndex = 0; path = ClipboardRippleTests.xctest; sourceTree = BUILT_PRODUCTS_DIR; };
/* End PBXFileReference section */

/* Begin PBXFrameworksBuildPhase section */
		D00000000000000000000003 /* Frameworks */ = {isa = PBXFrameworksBuildPhase; buildActionMask = 2147483647; files = (); runOnlyForDeploymentPostprocessing = 0; };
		D00000000000000000000006 /* Frameworks */ = {isa = PBXFrameworksBuildPhase; buildActionMask = 2147483647; files = (); runOnlyForDeploymentPostprocessing = 0; };
/* End PBXFrameworksBuildPhase section */

/* Begin PBXGroup section */
		G00000000000000000000001 = {
			isa = PBXGroup;
			children = (
				G00000000000000000000002 /* ClipboardRipple */,
				G00000000000000000000003 /* ClipboardRippleTests */,
				G00000000000000000000004 /* Products */,
			);
			sourceTree = "<group>";
		};
		G00000000000000000000002 /* ClipboardRipple */ = {
			isa = PBXGroup;
			children = (
				F00000000000000000000001 /* ClipboardRippleApp.swift */,
				F00000000000000000000002 /* Models.swift */,
				F00000000000000000000003 /* ClipboardCore.swift */,
				F00000000000000000000004 /* SystemServices.swift */,
				F00000000000000000000005 /* AppState.swift */,
				F00000000000000000000006 /* TimelineUI.swift */,
				F00000000000000000000007 /* SettingsUI.swift */,
				F00000000000000000000009 /* Assets.xcassets */,
				F00000000000000000000008 /* Info.plist */,
			);
			path = ClipboardRipple;
			sourceTree = "<group>";
		};
		G00000000000000000000003 /* ClipboardRippleTests */ = {
			isa = PBXGroup;
			children = (F00000000000000000000010 /* ClipboardRippleTests.swift */);
			path = ClipboardRippleTests;
			sourceTree = "<group>";
		};
		G00000000000000000000004 /* Products */ = {
			isa = PBXGroup;
			children = (
				F00000000000000000000011 /* Clipboard Ripple.app */,
				F00000000000000000000012 /* ClipboardRippleTests.xctest */,
			);
			name = Products;
			sourceTree = "<group>";
		};
/* End PBXGroup section */

/* Begin PBXNativeTarget section */
		A00000000000000000000001 /* ClipboardRipple */ = {
			isa = PBXNativeTarget;
			buildConfigurationList = L00000000000000000000002 /* Build configuration list for PBXNativeTarget "ClipboardRipple" */;
			buildPhases = (
				D00000000000000000000001 /* Sources */,
				D00000000000000000000003 /* Frameworks */,
				D00000000000000000000002 /* Resources */,
			);
			buildRules = ();
			dependencies = ();
			name = ClipboardRipple;
			productName = "Clipboard Ripple";
			productReference = F00000000000000000000011 /* Clipboard Ripple.app */;
			productType = "com.apple.product-type.application";
		};
		A00000000000000000000002 /* ClipboardRippleTests */ = {
			isa = PBXNativeTarget;
			buildConfigurationList = L00000000000000000000003 /* Build configuration list for PBXNativeTarget "ClipboardRippleTests" */;
			buildPhases = (
				D00000000000000000000004 /* Sources */,
				D00000000000000000000006 /* Frameworks */,
				D00000000000000000000005 /* Resources */,
			);
			buildRules = ();
			dependencies = (E00000000000000000000002 /* PBXTargetDependency */);
			name = ClipboardRippleTests;
			productName = ClipboardRippleTests;
			productReference = F00000000000000000000012 /* ClipboardRippleTests.xctest */;
			productType = "com.apple.product-type.bundle.unit-test";
		};
/* End PBXNativeTarget section */

/* Begin PBXProject section */
		P00000000000000000000001 /* Project object */ = {
			isa = PBXProject;
			attributes = {
				BuildIndependentTargetsInParallel = 1;
				LastSwiftUpdateCheck = 1640;
				LastUpgradeCheck = 1640;
				TargetAttributes = {
					A00000000000000000000001 = {CreatedOnToolsVersion = 16.4; };
					A00000000000000000000002 = {CreatedOnToolsVersion = 16.4; TestTargetID = A00000000000000000000001; };
				};
			};
			buildConfigurationList = L00000000000000000000001 /* Build configuration list for PBXProject "ClipboardRipple" */;
			compatibilityVersion = "Xcode 14.0";
			developmentRegion = zh_CN;
			hasScannedForEncodings = 0;
			knownRegions = (Base, en, zh_CN);
			mainGroup = G00000000000000000000001;
			productRefGroup = G00000000000000000000004 /* Products */;
			projectDirPath = "";
			projectRoot = "";
			targets = (A00000000000000000000001 /* ClipboardRipple */, A00000000000000000000002 /* ClipboardRippleTests */);
		};
/* End PBXProject section */

/* Begin PBXResourcesBuildPhase section */
		D00000000000000000000002 /* Resources */ = {isa = PBXResourcesBuildPhase; buildActionMask = 2147483647; files = (B00000000000000000000008 /* Assets.xcassets in Resources */); runOnlyForDeploymentPostprocessing = 0; };
		D00000000000000000000005 /* Resources */ = {isa = PBXResourcesBuildPhase; buildActionMask = 2147483647; files = (); runOnlyForDeploymentPostprocessing = 0; };
/* End PBXResourcesBuildPhase section */

/* Begin PBXSourcesBuildPhase section */
		D00000000000000000000001 /* Sources */ = {
			isa = PBXSourcesBuildPhase;
			buildActionMask = 2147483647;
			files = (
				B00000000000000000000001 /* ClipboardRippleApp.swift in Sources */,
				B00000000000000000000002 /* Models.swift in Sources */,
				B00000000000000000000003 /* ClipboardCore.swift in Sources */,
				B00000000000000000000004 /* SystemServices.swift in Sources */,
				B00000000000000000000005 /* AppState.swift in Sources */,
				B00000000000000000000006 /* TimelineUI.swift in Sources */,
				B00000000000000000000007 /* SettingsUI.swift in Sources */,
			);
			runOnlyForDeploymentPostprocessing = 0;
		};
		D00000000000000000000004 /* Sources */ = {isa = PBXSourcesBuildPhase; buildActionMask = 2147483647; files = (B00000000000000000000009 /* ClipboardRippleTests.swift in Sources */); runOnlyForDeploymentPostprocessing = 0; };
/* End PBXSourcesBuildPhase section */

/* Begin PBXTargetDependency section */
		E00000000000000000000002 /* PBXTargetDependency */ = {isa = PBXTargetDependency; target = A00000000000000000000001 /* ClipboardRipple */; targetProxy = E00000000000000000000001 /* PBXContainerItemProxy */; };
/* End PBXTargetDependency section */

/* Begin XCBuildConfiguration section */
		C00000000000000000000001 /* Debug */ = {isa = XCBuildConfiguration; buildSettings = {CLANG_ENABLE_MODULES = YES; MACOSX_DEPLOYMENT_TARGET = 14.0; SDKROOT = macosx; SWIFT_OPTIMIZATION_LEVEL = "-Onone"; SWIFT_VERSION = 5.0; }; name = Debug; };
		C00000000000000000000002 /* Release */ = {isa = XCBuildConfiguration; buildSettings = {CLANG_ENABLE_MODULES = YES; DEAD_CODE_STRIPPING = YES; ENABLE_CODE_COVERAGE = NO; MACOSX_DEPLOYMENT_TARGET = 14.0; SDKROOT = macosx; SWIFT_COMPILATION_MODE = wholemodule; SWIFT_OPTIMIZATION_LEVEL = "-O"; SWIFT_VERSION = 5.0; }; name = Release; };
		C00000000000000000000003 /* Debug */ = {
			isa = XCBuildConfiguration;
			buildSettings = {
				ASSETCATALOG_COMPILER_APPICON_NAME = AppIcon;
				ASSETCATALOG_COMPILER_GLOBAL_ACCENT_COLOR_NAME = AccentColor;
				CODE_SIGN_IDENTITY = "-";
				CODE_SIGN_STYLE = Manual;
				CURRENT_PROJECT_VERSION = 1;
				ENABLE_APP_SANDBOX = NO;
				ENABLE_HARDENED_RUNTIME = YES;
				ENABLE_TESTABILITY = YES;
				GENERATE_INFOPLIST_FILE = NO;
				INFOPLIST_FILE = ClipboardRipple/Info.plist;
				LD_RUNPATH_SEARCH_PATHS = "$(inherited) @executable_path/../Frameworks";
				MARKETING_VERSION = 0.1.0;
				PRODUCT_BUNDLE_IDENTIFIER = com.clipboardripple.local;
				PRODUCT_MODULE_NAME = ClipboardRipple;
				PRODUCT_NAME = "Clipboard Ripple";
				SWIFT_STRICT_CONCURRENCY = minimal;
			};
			name = Debug;
		};
		C00000000000000000000004 /* Release */ = {
			isa = XCBuildConfiguration;
			buildSettings = {
				ASSETCATALOG_COMPILER_APPICON_NAME = AppIcon;
				ASSETCATALOG_COMPILER_GLOBAL_ACCENT_COLOR_NAME = AccentColor;
				CODE_SIGN_IDENTITY = "-";
				CODE_SIGN_INJECT_BASE_ENTITLEMENTS = NO;
				CODE_SIGN_STYLE = Manual;
				CURRENT_PROJECT_VERSION = 1;
				ENABLE_APP_SANDBOX = NO;
				ENABLE_HARDENED_RUNTIME = YES;
				GENERATE_INFOPLIST_FILE = NO;
				INFOPLIST_FILE = ClipboardRipple/Info.plist;
				LD_RUNPATH_SEARCH_PATHS = "$(inherited) @executable_path/../Frameworks";
				MARKETING_VERSION = 0.1.0;
				PRODUCT_BUNDLE_IDENTIFIER = com.clipboardripple.local;
				PRODUCT_MODULE_NAME = ClipboardRipple;
				PRODUCT_NAME = "Clipboard Ripple";
				SWIFT_STRICT_CONCURRENCY = minimal;
			};
			name = Release;
		};
		C00000000000000000000005 /* Debug */ = {
			isa = XCBuildConfiguration;
			buildSettings = {
				BUNDLE_LOADER = "$(TEST_HOST)";
				CODE_SIGN_IDENTITY = "-";
				CODE_SIGN_STYLE = Manual;
				GENERATE_INFOPLIST_FILE = YES;
				PRODUCT_BUNDLE_IDENTIFIER = com.clipboardripple.local.tests;
				PRODUCT_NAME = "$(TARGET_NAME)";
				SWIFT_STRICT_CONCURRENCY = minimal;
				TEST_HOST = "$(BUILT_PRODUCTS_DIR)/Clipboard Ripple.app/Contents/MacOS/Clipboard Ripple";
			};
			name = Debug;
		};
		C00000000000000000000006 /* Release */ = {
			isa = XCBuildConfiguration;
			buildSettings = {
				BUNDLE_LOADER = "$(TEST_HOST)";
				CODE_SIGN_IDENTITY = "-";
				CODE_SIGN_STYLE = Manual;
				GENERATE_INFOPLIST_FILE = YES;
				PRODUCT_BUNDLE_IDENTIFIER = com.clipboardripple.local.tests;
				PRODUCT_NAME = "$(TARGET_NAME)";
				SWIFT_STRICT_CONCURRENCY = minimal;
				TEST_HOST = "$(BUILT_PRODUCTS_DIR)/Clipboard Ripple.app/Contents/MacOS/Clipboard Ripple";
			};
			name = Release;
		};
/* End XCBuildConfiguration section */

/* Begin XCConfigurationList section */
		L00000000000000000000001 /* Build configuration list for PBXProject "ClipboardRipple" */ = {isa = XCConfigurationList; buildConfigurations = (C00000000000000000000001 /* Debug */, C00000000000000000000002 /* Release */); defaultConfigurationIsVisible = 0; defaultConfigurationName = Release; };
		L00000000000000000000002 /* Build configuration list for PBXNativeTarget "ClipboardRipple" */ = {isa = XCConfigurationList; buildConfigurations = (C00000000000000000000003 /* Debug */, C00000000000000000000004 /* Release */); defaultConfigurationIsVisible = 0; defaultConfigurationName = Release; };
		L00000000000000000000003 /* Build configuration list for PBXNativeTarget "ClipboardRippleTests" */ = {isa = XCConfigurationList; buildConfigurations = (C00000000000000000000005 /* Debug */, C00000000000000000000006 /* Release */); defaultConfigurationIsVisible = 0; defaultConfigurationName = Release; };
/* End XCConfigurationList section */
	};
	rootObject = P00000000000000000000001 /* Project object */;
}
